
Microsoft Visual Studio Solution File, Format Version 12.00
# Visual Studio Version 17
VisualStudioVersion = 17.0.32112.339
MinimumVisualStudioVersion = 10.0.40219.1
Project("{FAE04EC0-301F-11D3-BF4B-00C04F79EFBC}") = "WpfApp3", "WpfApp3.csproj", "{64C7B967-25D5-4C56-806D-84C377B1ED31}"
EndProject
Global
	GlobalSection(SolutionConfigurationPlatforms) = preSolution
		Debug|Any CPU = Debug|Any CPU
		Release|Any CPU = Release|Any CPU
	EndGlobalSection
	GlobalSection(ProjectConfigurationPlatforms) = postSolution
		{64C7B967-25D5-4C56-806D-84C377B1ED31}.Debug|Any CPU.ActiveCfg = Debug|Any CPU
		{64C7B967-25D5-4C56-806D-84C377B1ED31}.Debug|Any CPU.Build.0 = Debug|Any CPU
		{64C7B967-25D5-4C56-806D-84C377B1ED31}.Release|Any CPU.ActiveCfg = Release|Any CPU
		{64C7B967-25D5-4C56-806D-84C377B1ED31}.Release|Any CPU.Build.0 = Release|Any CPU
	EndGlobalSection
	GlobalSection(SolutionProperties) = preSolution
		HideSolutionNode = FALSE
	EndGlobalSection
	GlobalSection(ExtensibilityGlobals) = postSolution
		SolutionGuid = {14DBAFFA-13A4-43F3-A04E-BC3620E1B8D7}
	EndGlobalSection
EndGlobal
